
Microsoft Visual Studio Solution File, Format Version 12.00
# Visual Studio Version 16
VisualStudioVersion = 16.0.30204.135
MinimumVisualStudioVersion = 10.0.40219.1
Project("{FAE04EC0-301F-11D3-BF4B-00C04F79EFBC}") = "Snake", "Snake\Snake.csproj", "{9DB15CD6-51A0-4EFD-B338-9FA1A39C8D58}"
EndProject
Global
	GlobalSection(SolutionConfigurationPlatforms) = preSolution
		Debug|Any CPU = Debug|Any CPU
		Release|Any CPU = Release|Any CPU
	EndGlobalSection
	GlobalSection(ProjectConfigurationPlatforms) = postSolution
		{9DB15CD6-51A0-4EFD-B338-9FA1A39C8D58}.Debug|Any CPU.ActiveCfg = Debug|Any CPU
		{9DB15CD6-51A0-4EFD-B338-9FA1A39C8D58}.Debug|Any CPU.Build.0 = Debug|Any CPU
		{9DB15CD6-51A0-4EFD-B338-9FA1A39C8D58}.Release|Any CPU.ActiveCfg = Release|Any CPU
		{9DB15CD6-51A0-4EFD-B338-9FA1A39C8D58}.Release|Any CPU.Build.0 = Release|Any CPU
	EndGlobalSection
	GlobalSection(SolutionProperties) = preSolution
		HideSolutionNode = FALSE
	EndGlobalSection
	GlobalSection(ExtensibilityGlobals) = postSolution
		SolutionGuid = {FD379C13-D529-49B3-B1BE-E264A5F9D42F}
	EndGlobalSection
EndGlobal
